// !$*UTF8*$!
{
	archiveVersion = 1;
	classes = {
	};
	objectVersion = 50;
	objects = {

/* Begin PBXBuildFile section */
		F14D4E7423F1A69C0050C419 /* AppDelegate.swift in Sources */ = {isa = PBXBuildFile; fileRef = F14D4E7323F1A69C0050C419 /* AppDelegate.swift */; };
		F14D4E7623F1A69C0050C419 /* SceneDelegate.swift in Sources */ = {isa = PBXBuildFile; fileRef = F14D4E7523F1A69C0050C419 /* SceneDelegate.swift */; };
		F14D4E7823F1A69C0050C419 /* ContentView.swift in Sources */ = {isa = PBXBuildFile; fileRef = F14D4E7723F1A69C0050C419 /* ContentView.swift */; };
		F14D4E7A23F1A69D0050C419 /* Assets.xcassets in Resources */ = {isa = PBXBuildFile; fileRef = F14D4E7923F1A69D0050C419 /* Assets.xcassets */; };
		F14D4E7D23F1A69D0050C419 /* Preview Assets.xcassets in Resources */ = {isa = PBXBuildFile; fileRef = F14D4E7C23F1A69D0050C419 /* Preview Assets.xcassets */; };
		F14D4E8023F1A69D0050C419 /* LaunchScreen.storyboard in Resources */ = {isa = PBXBuildFile; fileRef = F14D4E7E23F1A69D0050C419 /* LaunchScreen.storyboard */; };
		F14D4E8823F1A6DC0050C419 /* LoadingView.swift in Sources */ = {isa = PBXBuildFile; fileRef = F14D4E8723F1A6DC0050C419 /* LoadingView.swift */; };
		F14D4E8A23F1A7030050C419 /* ActivityIndicator.swift in Sources */ = {isa = PBXBuildFile; fileRef = F14D4E8923F1A7030050C419 /* ActivityIndicator.swift */; };
/* End PBXBuildFile section */

/* Begin PBXFileReference section */
		F14D4E7023F1A69C0050C419 /* Loader.app */ = {isa = PBXFileReference; explicitFileType = wrapper.application; includeInIndex = 0; path = Loader.app; sourceTree = BUILT_PRODUCTS_DIR; };
		F14D4E7323F1A69C0050C419 /* AppDelegate.swift */ = {isa = PBXFileReference; lastKnownFileType = sourcecode.swift; path = AppDelegate.swift; sourceTree = "<group>"; };
		F14D4E7523F1A69C0050C419 /* SceneDelegate.swift */ = {isa = PBXFileReference; lastKnownFileType = sourcecode.swift; path = SceneDelegate.swift; sourceTree = "<group>"; };
		F14D4E7723F1A69C0050C419 /* ContentView.swift */ = {isa = PBXFileReference; lastKnownFileType = sourcecode.swift; path = ContentView.swift; sourceTree = "<group>"; };
		F14D4E7923F1A69D0050C419 /* Assets.xcassets */ = {isa = PBXFileReference; lastKnownFileType = folder.assetcatalog; path = Assets.xcassets; sourceTree = "<group>"; };
		F14D4E7C23F1A69D0050C419 /* Preview Assets.xcassets */ = {isa = PBXFileReference; lastKnownFileType = folder.assetcatalog; path = "Preview Assets.xcassets"; sourceTree = "<group>"; };
		F14D4E7F23F1A69D0050C419 /* Base */ = {isa = PBXFileReference; lastKnownFileType = file.storyboard; name = Base; path = Base.lproj/LaunchScreen.storyboard; sourceTree = "<group>"; };
		F14D4E8123F1A69D0050C419 /* Info.plist */ = {isa = PBXFileReference; lastKnownFileType = text.plist.xml; path = Info.plist; sourceTree = "<group>"; };
		F14D4E8723F1A6DC0050C419 /* LoadingView.swift */ = {isa = PBXFileReference; lastKnownFileType = sourcecode.swift; path = LoadingView.swift; sourceTree = "<group>"; };
		F14D4E8923F1A7030050C419 /* ActivityIndicator.swift */ = {isa = PBXFileReference; lastKnownFileType = sourcecode.swift; path = ActivityIndicator.swift; sourceTree = "<group>"; };
/* End PBXFileReference section */

/* Begin PBXFrameworksBuildPhase section */
		F14D4E6D23F1A69C0050C419 /* Frameworks */ = {
			isa = PBXFrameworksBuildPhase;
			buildActionMask = 2147483647;
			files = (
			);
			runOnlyForDeploymentPostprocessing = 0;
		};
/* End PBXFrameworksBuildPhase section */

/* Begin PBXGroup section */
		F14D4E6723F1A69C0050C419 = {
			isa = PBXGroup;
			children = (
				F14D4E7223F1A69C0050C419 /* Loader */,
				F14D4E7123F1A69C0050C419 /* Products */,
			);
			sourceTree = "<group>";
		};
		F14D4E7123F1A69C0050C419 /* Products */ = {
			isa = PBXGroup;
			children = (
				F14D4E7023F1A69C0050C419 /* Loader.app */,
			);
			name = Products;
			sourceTree = "<group>";
		};
		F14D4E7223F1A69C0050C419 /* Loader */ = {
			isa = PBXGroup;
			children = (
				F14D4E7323F1A69C0050C419 /* AppDelegate.swift */,
				F14D4E7523F1A69C0050C419 /* SceneDelegate.swift */,
				F14D4E8723F1A6DC0050C419 /* LoadingView.swift */,
				F14D4E8923F1A7030050C419 /* ActivityIndicator.swift */,
				F14D4E7723F1A69C0050C419 /* ContentView.swift */,
				F14D4E7923F1A69D0050C419 /* Assets.xcassets */,
				F14D4E7E23F1A69D0050C419 /* LaunchScreen.storyboard */,
				F14D4E8123F1A69D0050C419 /* Info.plist */,
				F14D4E7B23F1A69D0050C419 /* Preview Content */,
			);
			path = Loader;
			sourceTree = "<group>";
		};
		F14D4E7B23F1A69D0050C419 /* Preview Content */ = {
			isa = PBXGroup;
			children = (
				F14D4E7C23F1A69D0050C419 /* Preview Assets.xcassets */,
			);
			path = "Preview Content";
			sourceTree = "<group>";
		};
/* End PBXGroup section */

/* Begin PBXNativeTarget section */
		F14D4E6F23F1A69C0050C419 /* Loader */ = {
			isa = PBXNativeTarget;
			buildConfigurationList = F14D4E8423F1A69D0050C419 /* Build configuration list for PBXNativeTarget "Loader" */;
			buildPhases = (
				F14D4E6C23F1A69C0050C419 /* Sources */,
				F14D4E6D23F1A69C0050C419 /* Frameworks */,
				F14D4E6E23F1A69C0050C419 /* Resources */,
			);
			buildRules = (
			);
			dependencies = (
			);
			name = Loader;
			productName = Loader;
			productReference = F14D4E7023F1A69C0050C419 /* Loader.app */;
			productType = "com.apple.product-type.application";
		};
/* End PBXNativeTarget section */

/* Begin PBXProject section */
		F14D4E6823F1A69C0050C419 /* Project object */ = {
			isa = PBXProject;
			attributes = {
				LastSwiftUpdateCheck = 1130;
				LastUpgradeCheck = 1130;
				ORGANIZATIONNAME = JD;
				TargetAttributes = {
					F14D4E6F23F1A69C0050C419 = {
						CreatedOnToolsVersion = 11.3.1;
					};
				};
			};
			buildConfigurationList = F14D4E6B23F1A69C0050C419 /* Build configuration list for PBXProject "Loader" */;
			compatibilityVersion = "Xcode 9.3";
			developmentRegion = en;
			hasScannedForEncodings = 0;
			knownRegions = (
				en,
				Base,
			);
			mainGroup = F14D4E6723F1A69C0050C419;
			productRefGroup = F14D4E7123F1A69C0050C419 /* Products */;
			projectDirPath = "";
			projectRoot = "";
			targets = (
				F14D4E6F23F1A69C0050C419 /* Loader */,
			);
		};
/* End PBXProject section */

/* Begin PBXResourcesBuildPhase section */
		F14D4E6E23F1A69C0050C419 /* Resources */ = {
			isa = PBXResourcesBuildPhase;
			buildActionMask = 2147483647;
			files = (
				F14D4E8023F1A69D0050C419 /* LaunchScreen.storyboard in Resources */,
				F14D4E7D23F1A69D0050C419 /* Preview Assets.xcassets in Resources */,
				F14D4E7A23F1A69D0050C419 /* Assets.xcassets in Resources */,
			);
			runOnlyForDeploymentPostprocessing = 0;
		};
/* End PBXResourcesBuildPhase section */

/* Begin PBXSourcesBuildPhase section */
		F14D4E6C23F1A69C0050C419 /* Sources */ = {
			isa = PBXSourcesBuildPhase;
			buildActionMask = 2147483647;
			files = (
				F14D4E7423F1A69C0050C419 /* AppDelegate.swift in Sources */,
				F14D4E8A23F1A7030050C419 /* ActivityIndicator.swift in Sources */,
				F14D4E8823F1A6DC0050C419 /* LoadingView.swift in Sources */,
				F14D4E7623F1A69C0050C419 /* SceneDelegate.swift in Sources */,
				F14D4E7823F1A69C0050C419 /* ContentView.swift in Sources */,
			);
			runOnlyForDeploymentPostprocessing = 0;
		};
/* End PBXSourcesBuildPhase section */

/* Begin PBXVariantGroup section */
		F14D4E7E23F1A69D0050C419 /* LaunchScreen.storyboard */ = {
			isa = PBXVariantGroup;
			children = (
				F14D4E7F23F1A69D0050C419 /* Base */,
			);
			name = LaunchScreen.storyboard;
			sourceTree = "<group>";
		};
/* End PBXVariantGroup section */

/* Begin XCBuildConfiguration section */
		F14D4E8223F1A69D0050C419 /* Debug */ = {
			isa = XCBuildConfiguration;
			buildSettings = {
				ALWAYS_SEARCH_USER_PATHS = NO;
				CLANG_ANALYZER_NONNULL = YES;
				CLANG_ANALYZER_NUMBER_OBJECT_CONVERSION = YES_AGGRESSIVE;
				CLANG_CXX_LANGUAGE_STANDARD = "gnu++14";
				CLANG_CXX_LIBRARY = "libc++";
				CLANG_ENABLE_MODULES = YES;
				CLANG_ENABLE_OBJC_ARC = YES;
				CLANG_ENABLE_OBJC_WEAK = YES;
				CLANG_WARN_BLOCK_CAPTURE_AUTORELEASING = YES;
				CLANG_WARN_BOOL_CONVERSION = YES;
				CLANG_WARN_COMMA = YES;
				CLANG_WARN_CONSTANT_CONVERSION = YES;
				CLANG_WARN_DEPRECATED_OBJC_IMPLEMENTATIONS = YES;
				CLANG_WARN_DIRECT_OBJC_ISA_USAGE = YES_ERROR;
				CLANG_WARN_DOCUMENTATION_COMMENTS = YES;
				CLANG_WARN_EMPTY_BODY = YES;
				CLANG_WARN_ENUM_CONVERSION = YES;
				CLANG_WARN_INFINITE_RECURSION = YES;
				CLANG_WARN_INT_CONVERSION = YES;
				CLANG_WARN_NON_LITERAL_NULL_CONVERSION = YES;
				CLANG_WARN_OBJC_IMPLICIT_RETAIN_SELF = YES;
				CLANG_WARN_OBJC_LITERAL_CONVERSION = YES;
				CLANG_WARN_OBJC_ROOT_CLASS = YES_ERROR;
				CLANG_WARN_RANGE_LOOP_ANALYSIS = YES;
				CLANG_WARN_STRICT_PROTOTYPES = YES;
				CLANG_WARN_SUSPICIOUS_MOVE = YES;
				CLANG_WARN_UNGUARDED_AVAILABILITY = YES_AGGRESSIVE;
				CLANG_WARN_UNREACHABLE_CODE = YES;
				CLANG_WARN__DUPLICATE_METHOD_MATCH = YES;
				COPY_PHASE_STRIP = NO;
				DEBUG_INFORMATION_FORMAT = dwarf;
				ENABLE_STRICT_OBJC_MSGSEND = YES;
				ENABLE_TESTABILITY = YES;
				GCC_C_LANGUAGE_STANDARD = gnu11;
				GCC_DYNAMIC_NO_PIC = NO;
				GCC_NO_COMMON_BLOCKS = YES;
				GCC_OPTIMIZATION_LEVEL = 0;
				GCC_PREPROCESSOR_DEFINITIONS = (
					"DEBUG=1",
					"$(inherited)",
				);
				GCC_WARN_64_TO_32_BIT_CONVERSION = YES;
				GCC_WARN_ABOUT_RETURN_TYPE = YES_ERROR;
				GCC_WARN_UNDECLARED_SELECTOR = YES;
				GCC_WARN_UNINITIALIZED_AUTOS = YES_AGGRESSIVE;
				GCC_WARN_UNUSED_FUNCTION = YES;
				GCC_WARN_UNUSED_VARIABLE = YES;
				IPHONEOS_DEPLOYMENT_TARGET = 13.2;
				MTL_ENABLE_DEBUG_INFO = INCLUDE_SOURCE;
				MTL_FAST_MATH = YES;
				ONLY_ACTIVE_ARCH = YES;
				SDKROOT = iphoneos;
				SWIFT_ACTIVE_COMPILATION_CONDITIONS = DEBUG;
				SWIFT_OPTIMIZATION_LEVEL = "-Onone";
			};
			name = Debug;
		};
		F14D4E8323F1A69D0050C419 /* Release */ = {
			isa = XCBuildConfiguration;
			buildSettings = {
				ALWAYS_SEARCH_USER_PATHS = NO;
				CLANG_ANALYZER_NONNULL = YES;
				CLANG_ANALYZER_NUMBER_OBJECT_CONVERSION = YES_AGGRESSIVE;
				CLANG_CXX_LANGUAGE_STANDARD = "gnu++14";
				CLANG_CXX_LIBRARY = "libc++";
				CLANG_ENABLE_MODULES = YES;
				CLANG_ENABLE_OBJC_ARC = YES;
				CLANG_ENABLE_OBJC_WEAK = YES;
				CLANG_WARN_BLOCK_CAPTURE_AUTORELEASING = YES;
				CLANG_WARN_BOOL_CONVERSION = YES;
				CLANG_WARN_COMMA = YES;
				CLANG_WARN_CONSTANT_CONVERSION = YES;
				CLANG_WARN_DEPRECATED_OBJC_IMPLEMENTATIONS = YES;
				CLANG_WARN_DIRECT_OBJC_ISA_USAGE = YES_ERROR;
				CLANG_WARN_DOCUMENTATION_COMMENTS = YES;
				CLANG_WARN_EMPTY_BODY = YES;
				CLANG_WARN_ENUM_CONVERSION = YES;
				CLANG_WARN_INFINITE_RECURSION = YES;
				CLANG_WARN_INT_CONVERSION = YES;
				CLANG_WARN_NON_LITERAL_NULL_CONVERSION = YES;
				CLANG_WARN_OBJC_IMPLICIT_RETAIN_SELF = YES;
				CLANG_WARN_OBJC_LITERAL_CONVERSION = YES;
				CLANG_WARN_OBJC_ROOT_CLASS = YES_ERROR;
				CLANG_WARN_RANGE_LOOP_ANALYSIS = YES;
				CLANG_WARN_STRICT_PROTOTYPES = YES;
				CLANG_WARN_SUSPICIOUS_MOVE = YES;
				CLANG_WARN_UNGUARDED_AVAILABILITY = YES_AGGRESSIVE;
				CLANG_WARN_UNREACHABLE_CODE = YES;
				CLANG_WARN__DUPLICATE_METHOD_MATCH = YES;
				COPY_PHASE_STRIP = NO;
				DEBUG_INFORMATION_FORMAT = "dwarf-with-dsym";
				ENABLE_NS_ASSERTIONS = NO;
				ENABLE_STRICT_OBJC_MSGSEND = YES;
				GCC_C_LANGUAGE_STANDARD = gnu11;
				GCC_NO_COMMON_BLOCKS = YES;
				GCC_WARN_64_TO_32_BIT_CONVERSION = YES;
				GCC_WARN_ABOUT_RETURN_TYPE = YES_ERROR;
				GCC_WARN_UNDECLARED_SELECTOR = YES;
				GCC_WARN_UNINITIALIZED_AUTOS = YES_AGGRESSIVE;
				GCC_WARN_UNUSED_FUNCTION = YES;
				GCC_WARN_UNUSED_VARIABLE = YES;
				IPHONEOS_DEPLOYMENT_TARGET = 13.2;
				MTL_ENABLE_DEBUG_INFO = NO;
				MTL_FAST_MATH = YES;
				SDKROOT = iphoneos;
				SWIFT_COMPILATION_MODE = wholemodule;
				SWIFT_OPTIMIZATION_LEVEL = "-O";
				VALIDATE_PRODUCT = YES;
			};
			name = Release;
		};
		F14D4E8523F1A69D0050C419 /* Debug */ = {
			isa = XCBuildConfiguration;
			buildSettings = {
				ASSETCATALOG_COMPILER_APPICON_NAME = AppIcon;
				CODE_SIGN_STYLE = Automatic;
				DEVELOPMENT_ASSET_PATHS = "\"Loader/Preview Content\"";
				DEVELOPMENT_TEAM = 8Y7F7UCN4K;
				ENABLE_PREVIEWS = YES;
				INFOPLIST_FILE = Loader/Info.plist;
				LD_RUNPATH_SEARCH_PATHS = (
					"$(inherited)",
					"@executable_path/Frameworks",
				);
				PRODUCT_BUNDLE_IDENTIFIER = com.iamjdpatel.Loader;
				PRODUCT_NAME = "$(TARGET_NAME)";
				SWIFT_VERSION = 5.0;
				TARGETED_DEVICE_FAMILY = "1,2";
			};
			name = Debug;
		};
		F14D4E8623F1A69D0050C419 /* Release */ = {
			isa = XCBuildConfiguration;
			buildSettings = {
				ASSETCATALOG_COMPILER_APPICON_NAME = AppIcon;
				CODE_SIGN_STYLE = Automatic;
				DEVELOPMENT_ASSET_PATHS = "\"Loader/Preview Content\"";
				DEVELOPMENT_TEAM = 8Y7F7UCN4K;
				ENABLE_PREVIEWS = YES;
				INFOPLIST_FILE = Loader/Info.plist;
				LD_RUNPATH_SEARCH_PATHS = (
					"$(inherited)",
					"@executable_path/Frameworks",
				);
				PRODUCT_BUNDLE_IDENTIFIER = com.iamjdpatel.Loader;
				PRODUCT_NAME = "$(TARGET_NAME)";
				SWIFT_VERSION = 5.0;
				TARGETED_DEVICE_FAMILY = "1,2";
			};
			name = Release;
		};
/* End XCBuildConfiguration section */

/* Begin XCConfigurationList section */
		F14D4E6B23F1A69C0050C419 /* Build configuration list for PBXProject "Loader" */ = {
			isa = XCConfigurationList;
			buildConfigurations = (
				F14D4E8223F1A69D0050C419 /* Debug */,
				F14D4E8323F1A69D0050C419 /* Release */,
			);
			defaultConfigurationIsVisible = 0;
			defaultConfigurationName = Release;
		};
		F14D4E8423F1A69D0050C419 /* Build configuration list for PBXNativeTarget "Loader" */ = {
			isa = XCConfigurationList;
			buildConfigurations = (
				F14D4E8523F1A69D0050C419 /* Debug */,
				F14D4E8623F1A69D0050C419 /* Release */,
			);
			defaultConfigurationIsVisible = 0;
			defaultConfigurationName = Release;
		};
/* End XCConfigurationList section */
	};
	rootObject = F14D4E6823F1A69C0050C419 /* Project object */;
}
